<?xml version="1.0" encoding="utf-8"?>
<Project ToolsVersion="4.0" xmlns="http://schemas.microsoft.com/developer/msbuild/2003">
  <ItemGroup>
    <Filter Include="Lingod">
      <UniqueIdentifier>{0238D1C0-EED9-FB96-D794-0FEBC3D582E7}</UniqueIdentifier>
    </Filter>
    <Filter Include="Lingod\vendor">
      <UniqueIdentifier>{1F785907-8B38-D53D-5473-1EBBC0F2191A}</UniqueIdentifier>
    </Filter>
    <Filter Include="Lingod\vendor\imGUI">
      <UniqueIdentifier>{69542C7A-D5B5-0988-5E23-503ACA834047}</UniqueIdentifier>
    </Filter>
    <Filter Include="src">
      <UniqueIdentifier>{2DAB880B-99B4-887C-2230-9F7C8E38947C}</UniqueIdentifier>
    </Filter>
  </ItemGroup>
  <ItemGroup>
    <ClCompile Include="src\Sandbox.cpp">
      <Filter>src</Filter>
    </ClCompile>
  </ItemGroup>
</Project>