<?xml version="1.0" encoding="utf-8"?>
<Project ToolsVersion="4.0" xmlns="http://schemas.microsoft.com/developer/msbuild/2003">
  <ItemGroup>
    <Filter Include="Events">
      <UniqueIdentifier>{3A8963B1-262B-8E87-0FE6-A1DBFB2615D8}</UniqueIdentifier>
    </Filter>
    <Filter Include="Lingod">
      <UniqueIdentifier>{0238D1C0-EED9-FB96-D794-0FEBC3D582E7}</UniqueIdentifier>
    </Filter>
  </ItemGroup>
  <ItemGroup>
    <ClInclude Include="src\Events\ApplicationEvent.h">
      <Filter>Events</Filter>
    </ClInclude>
    <ClInclude Include="src\Events\Event.h">
      <Filter>Events</Filter>
    </ClInclude>
    <ClInclude Include="src\Events\KeyEvent.h">
      <Filter>Events</Filter>
    </ClInclude>
    <ClInclude Include="src\Events\MouseEvent.h">
      <Filter>Events</Filter>
    </ClInclude>
    <ClInclude Include="src\Lingod.h" />
    <ClInclude Include="src\Lingod\Application.h">
      <Filter>Lingod</Filter>
    </ClInclude>
    <ClInclude Include="src\Lingod\Core.h">
      <Filter>Lingod</Filter>
    </ClInclude>
    <ClInclude Include="src\Lingod\EnterPiont.h">
      <Filter>Lingod</Filter>
    </ClInclude>
    <ClInclude Include="src\Lingod\log.h">
      <Filter>Lingod</Filter>
    </ClInclude>
  </ItemGroup>
  <ItemGroup>
    <ClCompile Include="src\Lingod\Application.cpp">
      <Filter>Lingod</Filter>
    </ClCompile>
    <ClCompile Include="src\Lingod\log.cpp">
      <Filter>Lingod</Filter>
    </ClCompile>
  </ItemGroup>
</Project>